
Microsoft Visual Studio Solution File, Format Version 12.00
# Visual Studio Version 17
VisualStudioVersion = 17.11.35327.3
MinimumVisualStudioVersion = 10.0.40219.1
Project("{FAE04EC0-301F-11D3-BF4B-00C04F79EFBC}") = "Computer-info", "Computer-info\Computer-info.csproj", "{6A91FDCC-3488-4661-A020-B6830B62F45F}"
EndProject
Global
	GlobalSection(SolutionConfigurationPlatforms) = preSolution
		Debug|Any CPU = Debug|Any CPU
		Release|Any CPU = Release|Any CPU
	EndGlobalSection
	GlobalSection(ProjectConfigurationPlatforms) = postSolution
		{6A91FDCC-3488-4661-A020-B6830B62F45F}.Debug|Any CPU.ActiveCfg = Debug|Any CPU
		{6A91FDCC-3488-4661-A020-B6830B62F45F}.Debug|Any CPU.Build.0 = Debug|Any CPU
		{6A91FDCC-3488-4661-A020-B6830B62F45F}.Release|Any CPU.ActiveCfg = Release|Any CPU
		{6A91FDCC-3488-4661-A020-B6830B62F45F}.Release|Any CPU.Build.0 = Release|Any CPU
	EndGlobalSection
	GlobalSection(SolutionProperties) = preSolution
		HideSolutionNode = FALSE
	EndGlobalSection
	GlobalSection(ExtensibilityGlobals) = postSolution
		SolutionGuid = {97E8E28C-C936-4920-8253-E266143D191E}
	EndGlobalSection
EndGlobal
